// !$*UTF8*$!
{
	archiveVersion = 1;
	classes = {
	};
	objectVersion = 56;
	objects = {

/* Begin PBXBuildFile section */
		F1000001 /* PsychoGraphApp.swift in Sources */ = {isa = PBXBuildFile; fileRef = F1000011 /* PsychoGraphApp.swift */; };
		F1000050 /* AppDelegate.swift in Sources */ = {isa = PBXBuildFile; fileRef = F1000040 /* AppDelegate.swift */; };
		F1000002 /* ContentView.swift in Sources */ = {isa = PBXBuildFile; fileRef = F1000012 /* ContentView.swift */; };
		F1000003 /* Category.swift in Sources */ = {isa = PBXBuildFile; fileRef = F1000013 /* Category.swift */; };
		F1000004 /* CheckInRecord.swift in Sources */ = {isa = PBXBuildFile; fileRef = F1000014 /* CheckInRecord.swift */; };
		F1000005 /* StorageService.swift in Sources */ = {isa = PBXBuildFile; fileRef = F1000015 /* StorageService.swift */; };
		F1000006 /* NotificationService.swift in Sources */ = {isa = PBXBuildFile; fileRef = F1000016 /* NotificationService.swift */; };
		F1000007 /* CheckInView.swift in Sources */ = {isa = PBXBuildFile; fileRef = F1000017 /* CheckInView.swift */; };
		F1000008 /* GraphView.swift in Sources */ = {isa = PBXBuildFile; fileRef = F1000018 /* GraphView.swift */; };
		F1000009 /* SettingsView.swift in Sources */ = {isa = PBXBuildFile; fileRef = F1000019 /* SettingsView.swift */; };
		F100000A /* Assets.xcassets in Resources */ = {isa = PBXBuildFile; fileRef = F100001A /* Assets.xcassets */; };
		F100000C /* AppTheme.swift in Sources */ = {isa = PBXBuildFile; fileRef = F100001C /* AppTheme.swift */; };
		F100000D /* AddTodaysGraphView.swift in Sources */ = {isa = PBXBuildFile; fileRef = F100001D /* AddTodaysGraphView.swift */; };
		F100000E /* PrimaryButton.swift in Sources */ = {isa = PBXBuildFile; fileRef = F100001E /* PrimaryButton.swift */; };
		F100000F /* SubcategoryView.swift in Sources */ = {isa = PBXBuildFile; fileRef = F100001F /* SubcategoryView.swift */; };
		F1000060 /* PDFReportService.swift in Sources */ = {isa = PBXBuildFile; fileRef = F1000062 /* PDFReportService.swift */; };
		F1000061 /* ExportReportView.swift in Sources */ = {isa = PBXBuildFile; fileRef = F1000063 /* ExportReportView.swift */; };
		F1000064 /* ProfileView.swift in Sources */ = {isa = PBXBuildFile; fileRef = F1000065 /* ProfileView.swift */; };
		F1000067 /* DefaultProfile.plist in Resources */ = {isa = PBXBuildFile; fileRef = F1000066 /* DefaultProfile.plist */; };
		F1000069 /* LoginView.swift in Sources */ = {isa = PBXBuildFile; fileRef = F1000068 /* LoginView.swift */; };
		F100006B /* iCloudBackupService.swift in Sources */ = {isa = PBXBuildFile; fileRef = F100006A /* iCloudBackupService.swift */; };
		F100006D /* FailureLogger.swift in Sources */ = {isa = PBXBuildFile; fileRef = F100006E /* FailureLogger.swift */; };
		F100006F /* FailureLogView.swift in Sources */ = {isa = PBXBuildFile; fileRef = F1000070 /* FailureLogView.swift */; };
		F1000071 /* MailComposeView.swift in Sources */ = {isa = PBXBuildFile; fileRef = F1000072 /* MailComposeView.swift */; };
/* End PBXBuildFile section */

/* Begin PBXFileReference section */
		F1000010 /* PsychoGraph1.app */ = {isa = PBXFileReference; explicitFileType = wrapper.application; includeInIndex = 0; path = PsychoGraph1.app; sourceTree = BUILT_PRODUCTS_DIR; };
		F1000011 /* PsychoGraphApp.swift */ = {isa = PBXFileReference; lastKnownFileType = sourcecode.swift; path = PsychoGraphApp.swift; sourceTree = "<group>"; };
		F1000040 /* AppDelegate.swift */ = {isa = PBXFileReference; lastKnownFileType = sourcecode.swift; path = AppDelegate.swift; sourceTree = "<group>"; };
		F1000012 /* ContentView.swift */ = {isa = PBXFileReference; lastKnownFileType = sourcecode.swift; path = ContentView.swift; sourceTree = "<group>"; };
		F1000013 /* Category.swift */ = {isa = PBXFileReference; lastKnownFileType = sourcecode.swift; path = Category.swift; sourceTree = "<group>"; };
		F1000014 /* CheckInRecord.swift */ = {isa = PBXFileReference; lastKnownFileType = sourcecode.swift; path = CheckInRecord.swift; sourceTree = "<group>"; };
		F1000015 /* StorageService.swift */ = {isa = PBXFileReference; lastKnownFileType = sourcecode.swift; path = StorageService.swift; sourceTree = "<group>"; };
		F1000016 /* NotificationService.swift */ = {isa = PBXFileReference; lastKnownFileType = sourcecode.swift; path = NotificationService.swift; sourceTree = "<group>"; };
		F1000017 /* CheckInView.swift */ = {isa = PBXFileReference; lastKnownFileType = sourcecode.swift; path = CheckInView.swift; sourceTree = "<group>"; };
		F1000018 /* GraphView.swift */ = {isa = PBXFileReference; lastKnownFileType = sourcecode.swift; path = GraphView.swift; sourceTree = "<group>"; };
		F1000019 /* SettingsView.swift */ = {isa = PBXFileReference; lastKnownFileType = sourcecode.swift; path = SettingsView.swift; sourceTree = "<group>"; };
		F100001A /* Assets.xcassets */ = {isa = PBXFileReference; lastKnownFileType = folder.assetcatalog; path = Assets.xcassets; sourceTree = "<group>"; };
		F100001B /* Info.plist */ = {isa = PBXFileReference; lastKnownFileType = text.plist.xml; path = Info.plist; sourceTree = "<group>"; };
		F100001C /* AppTheme.swift */ = {isa = PBXFileReference; lastKnownFileType = sourcecode.swift; path = AppTheme.swift; sourceTree = "<group>"; };
		F100001D /* AddTodaysGraphView.swift */ = {isa = PBXFileReference; lastKnownFileType = sourcecode.swift; path = AddTodaysGraphView.swift; sourceTree = "<group>"; };
		F100001E /* PrimaryButton.swift */ = {isa = PBXFileReference; lastKnownFileType = sourcecode.swift; path = PrimaryButton.swift; sourceTree = "<group>"; };
		F100001F /* SubcategoryView.swift */ = {isa = PBXFileReference; lastKnownFileType = sourcecode.swift; path = SubcategoryView.swift; sourceTree = "<group>"; };
		F1000062 /* PDFReportService.swift */ = {isa = PBXFileReference; lastKnownFileType = sourcecode.swift; path = PDFReportService.swift; sourceTree = "<group>"; };
		F1000063 /* ExportReportView.swift */ = {isa = PBXFileReference; lastKnownFileType = sourcecode.swift; path = ExportReportView.swift; sourceTree = "<group>"; };
		F1000065 /* ProfileView.swift */ = {isa = PBXFileReference; lastKnownFileType = sourcecode.swift; path = ProfileView.swift; sourceTree = "<group>"; };
		F1000066 /* DefaultProfile.plist */ = {isa = PBXFileReference; lastKnownFileType = text.plist.xml; path = DefaultProfile.plist; sourceTree = "<group>"; };
		F1000068 /* LoginView.swift */ = {isa = PBXFileReference; lastKnownFileType = sourcecode.swift; path = LoginView.swift; sourceTree = "<group>"; };
		F100006A /* iCloudBackupService.swift */ = {isa = PBXFileReference; lastKnownFileType = sourcecode.swift; path = iCloudBackupService.swift; sourceTree = "<group>"; };
		F100006C /* PsychoGraph.entitlements */ = {isa = PBXFileReference; lastKnownFileType = text.plist.entitlements; path = PsychoGraph.entitlements; sourceTree = "<group>"; };
		F100006E /* FailureLogger.swift */ = {isa = PBXFileReference; lastKnownFileType = sourcecode.swift; path = FailureLogger.swift; sourceTree = "<group>"; };
		F1000070 /* FailureLogView.swift */ = {isa = PBXFileReference; lastKnownFileType = sourcecode.swift; path = FailureLogView.swift; sourceTree = "<group>"; };
		F1000072 /* MailComposeView.swift */ = {isa = PBXFileReference; lastKnownFileType = sourcecode.swift; path = MailComposeView.swift; sourceTree = "<group>"; };
/* End PBXFileReference section */

/* Begin PBXFrameworksBuildPhase section */
		F1000020 /* Frameworks */ = {
			isa = PBXFrameworksBuildPhase;
			buildActionMask = 2147483647;
			files = (
			);
			runOnlyForDeploymentPostprocessing = 0;
		};
/* End PBXFrameworksBuildPhase section */

/* Begin PBXGroup section */
		F1000021 /* PsychoGraph */ = {
			isa = PBXGroup;
			children = (
				F1000011 /* PsychoGraphApp.swift */,
				F1000040 /* AppDelegate.swift */,
				F1000012 /* ContentView.swift */,
				F1000022 /* Models */,
				F1000023 /* Services */,
				F1000024 /* Views */,
				F1000033 /* Components */,
				F1000032 /* Theme */,
				F100001A /* Assets.xcassets */,
				F100001B /* Info.plist */,
				F100006C /* PsychoGraph.entitlements */,
				F1000066 /* DefaultProfile.plist */,
			);
			path = PsychoGraph;
			sourceTree = "<group>";
		};
		F1000033 /* Components */ = {
			isa = PBXGroup;
			children = (
				F100001E /* PrimaryButton.swift */,
			);
			path = Components;
			sourceTree = "<group>";
		};
		F1000022 /* Models */ = {
			isa = PBXGroup;
			children = (
				F1000013 /* Category.swift */,
				F1000014 /* CheckInRecord.swift */,
			);
			path = Models;
			sourceTree = "<group>";
		};
		F1000023 /* Services */ = {
			isa = PBXGroup;
			children = (
				F1000015 /* StorageService.swift */,
				F1000016 /* NotificationService.swift */,
				F1000062 /* PDFReportService.swift */,
				F100006A /* iCloudBackupService.swift */,
				F100006E /* FailureLogger.swift */,
			);
			path = Services;
			sourceTree = "<group>";
		};
		F1000024 /* Views */ = {
			isa = PBXGroup;
			children = (
				F1000017 /* CheckInView.swift */,
				F100001D /* AddTodaysGraphView.swift */,
				F100001F /* SubcategoryView.swift */,
				F1000018 /* GraphView.swift */,
				F1000019 /* SettingsView.swift */,
				F1000065 /* ProfileView.swift */,
				F1000068 /* LoginView.swift */,
				F1000063 /* ExportReportView.swift */,
				F1000070 /* FailureLogView.swift */,
				F1000072 /* MailComposeView.swift */,
			);
			path = Views;
			sourceTree = "<group>";
		};
		F1000025 /* Products */ = {
			isa = PBXGroup;
			children = (
				F1000010 /* PsychoGraph1.app */,
			);
			name = Products;
			sourceTree = "<group>";
		};
		F100002A = {
			isa = PBXGroup;
			children = (
				F1000021 /* PsychoGraph */,
				F1000025 /* Products */,
			);
			sourceTree = "<group>";
		};
		F1000032 /* Theme */ = {
			isa = PBXGroup;
			children = (
				F100001C /* AppTheme.swift */,
			);
			path = Theme;
			sourceTree = "<group>";
		};
/* End PBXGroup section */

/* Begin PBXNativeTarget section */
		F1000026 /* PsychoGraph1 */ = {
			isa = PBXNativeTarget;
			buildConfigurationList = F1000030 /* Build configuration list for PBXNativeTarget "PsychoGraph1" */;
			buildPhases = (
				F1000027 /* Sources */,
				F1000020 /* Frameworks */,
				F1000028 /* Resources */,
			);
			buildRules = (
			);
			dependencies = (
			);
			name = PsychoGraph1;
			productName = PsychoGraph;
			productReference = F1000010 /* PsychoGraph1.app */;
			productType = "com.apple.product-type.application";
		};
/* End PBXNativeTarget section */

/* Begin PBXProject section */
		F1000029 /* Project object */ = {
			isa = PBXProject;
			attributes = {
				BuildIndependentTargetsInParallel = 1;
				LastSwiftUpdateCheck = 1500;
				LastUpgradeCheck = 2620;
				TargetAttributes = {
					F1000026 = {
						CreatedOnToolsVersion = 15.0;
					};
				};
			};
			buildConfigurationList = F100002C /* Build configuration list for PBXProject "PsychoGraph" */;
			compatibilityVersion = "Xcode 14.0";
			developmentRegion = en;
			hasScannedForEncodings = 0;
			knownRegions = (
				en,
				Base,
			);
			mainGroup = F100002A;
			productRefGroup = F1000025 /* Products */;
			projectDirPath = "";
			projectRoot = "";
			targets = (
				F1000026 /* PsychoGraph1 */,
			);
		};
/* End PBXProject section */

/* Begin PBXResourcesBuildPhase section */
		F1000028 /* Resources */ = {
			isa = PBXResourcesBuildPhase;
			buildActionMask = 2147483647;
			files = (
				F100000A /* Assets.xcassets in Resources */,
				F1000067 /* DefaultProfile.plist in Resources */,
			);
			runOnlyForDeploymentPostprocessing = 0;
		};
/* End PBXResourcesBuildPhase section */

/* Begin PBXSourcesBuildPhase section */
		F1000027 /* Sources */ = {
			isa = PBXSourcesBuildPhase;
			buildActionMask = 2147483647;
			files = (
				F1000001 /* PsychoGraphApp.swift in Sources */,
				F1000050 /* AppDelegate.swift in Sources */,
				F1000002 /* ContentView.swift in Sources */,
				F1000003 /* Category.swift in Sources */,
				F1000004 /* CheckInRecord.swift in Sources */,
				F1000005 /* StorageService.swift in Sources */,
				F1000006 /* NotificationService.swift in Sources */,
				F1000007 /* CheckInView.swift in Sources */,
				F1000008 /* GraphView.swift in Sources */,
				F1000009 /* SettingsView.swift in Sources */,
				F100000C /* AppTheme.swift in Sources */,
				F100000D /* AddTodaysGraphView.swift in Sources */,
				F100000E /* PrimaryButton.swift in Sources */,
				F100000F /* SubcategoryView.swift in Sources */,
				F1000060 /* PDFReportService.swift in Sources */,
				F1000061 /* ExportReportView.swift in Sources */,
				F1000064 /* ProfileView.swift in Sources */,
				F1000069 /* LoginView.swift in Sources */,
				F100006B /* iCloudBackupService.swift in Sources */,
				F100006D /* FailureLogger.swift in Sources */,
				F100006F /* FailureLogView.swift in Sources */,
				F1000071 /* MailComposeView.swift in Sources */,
			);
			runOnlyForDeploymentPostprocessing = 0;
		};
/* End PBXSourcesBuildPhase section */

/* Begin XCBuildConfiguration section */
		F100002D /* Debug */ = {
			isa = XCBuildConfiguration;
			buildSettings = {
				ALWAYS_SEARCH_USER_PATHS = NO;
				ASSETCATALOG_COMPILER_GENERATE_SWIFT_ASSET_SYMBOL_EXTENSIONS = YES;
				CLANG_ANALYZER_NONNULL = YES;
				CLANG_ANALYZER_NUMBER_OBJECT_CONVERSION = YES_AGGRESSIVE;
				CLANG_CXX_LANGUAGE_STANDARD = "gnu++20";
				CLANG_ENABLE_MODULES = YES;
				CLANG_ENABLE_OBJC_ARC = YES;
				CLANG_ENABLE_OBJC_WEAK = YES;
				CLANG_WARN_BLOCK_CAPTURE_AUTORELEASING = YES;
				CLANG_WARN_BOOL_CONVERSION = YES;
				CLANG_WARN_COMMA = YES;
				CLANG_WARN_CONSTANT_CONVERSION = YES;
				CLANG_WARN_DEPRECATED_OBJC_IMPLEMENTATIONS = YES;
				CLANG_WARN_DIRECT_OBJC_ISA_USAGE = YES_ERROR;
				CLANG_WARN_DOCUMENTATION_COMMENTS = YES;
				CLANG_WARN_EMPTY_BODY = YES;
				CLANG_WARN_ENUM_CONVERSION = YES;
				CLANG_WARN_INFINITE_RECURSION = YES;
				CLANG_WARN_INT_CONVERSION = YES;
				CLANG_WARN_NON_LITERAL_NULL_CONVERSION = YES;
				CLANG_WARN_OBJC_IMPLICIT_RETAIN_SELF = YES;
				CLANG_WARN_OBJC_LITERAL_CONVERSION = YES;
				CLANG_WARN_OBJC_ROOT_CLASS = YES_ERROR;
				CLANG_WARN_QUOTED_INCLUDE_IN_FRAMEWORK_HEADER = YES;
				CLANG_WARN_RANGE_LOOP_ANALYSIS = YES;
				CLANG_WARN_STRICT_PROTOTYPES = YES;
				CLANG_WARN_SUSPICIOUS_MOVE = YES;
				CLANG_WARN_UNGUARDED_AVAILABILITY = YES_AGGRESSIVE;
				CLANG_WARN_UNREACHABLE_CODE = YES;
				CLANG_WARN__DUPLICATE_METHOD_MATCH = YES;
				COPY_PHASE_STRIP = NO;
				DEBUG_INFORMATION_FORMAT = dwarf;
				ENABLE_STRICT_OBJC_MSGSEND = YES;
				ENABLE_TESTABILITY = YES;
				ENABLE_USER_SCRIPT_SANDBOXING = YES;
				GCC_C_LANGUAGE_STANDARD = gnu17;
				GCC_DYNAMIC_NO_PIC = NO;
				GCC_NO_COMMON_BLOCKS = YES;
				GCC_OPTIMIZATION_LEVEL = 0;
				GCC_PREPROCESSOR_DEFINITIONS = (
					"DEBUG=1",
					"$(inherited)",
				);
				GCC_WARN_64_TO_32_BIT_CONVERSION = YES;
				GCC_WARN_ABOUT_RETURN_TYPE = YES_ERROR;
				GCC_WARN_UNDECLARED_SELECTOR = YES;
				GCC_WARN_UNINITIALIZED_AUTOS = YES_AGGRESSIVE;
				GCC_WARN_UNUSED_FUNCTION = YES;
				GCC_WARN_UNUSED_VARIABLE = YES;
				IPHONEOS_DEPLOYMENT_TARGET = 17.0;
				LOCALIZATION_PREFERS_STRING_CATALOGS = YES;
				MTL_FAST_MATH = YES;
				ONLY_ACTIVE_ARCH = YES;
				SDKROOT = iphoneos;
				STRING_CATALOG_GENERATE_SYMBOLS = YES;
				SWIFT_ACTIVE_COMPILATION_CONDITIONS = "DEBUG $(inherited)";
				SWIFT_OPTIMIZATION_LEVEL = "-Onone";
			};
			name = Debug;
		};
		F100002E /* Release */ = {
			isa = XCBuildConfiguration;
			buildSettings = {
				ALWAYS_SEARCH_USER_PATHS = NO;
				ASSETCATALOG_COMPILER_GENERATE_SWIFT_ASSET_SYMBOL_EXTENSIONS = YES;
				CLANG_ANALYZER_NONNULL = YES;
				CLANG_ANALYZER_NUMBER_OBJECT_CONVERSION = YES_AGGRESSIVE;
				CLANG_CXX_LANGUAGE_STANDARD = "gnu++20";
				CLANG_ENABLE_MODULES = YES;
				CLANG_ENABLE_OBJC_ARC = YES;
				CLANG_ENABLE_OBJC_WEAK = YES;
				CLANG_WARN_BLOCK_CAPTURE_AUTORELEASING = YES;
				CLANG_WARN_BOOL_CONVERSION = YES;
				CLANG_WARN_COMMA = YES;
				CLANG_WARN_CONSTANT_CONVERSION = YES;
				CLANG_WARN_DEPRECATED_OBJC_IMPLEMENTATIONS = YES;
				CLANG_WARN_DIRECT_OBJC_ISA_USAGE = YES_ERROR;
				CLANG_WARN_DOCUMENTATION_COMMENTS = YES;
				CLANG_WARN_EMPTY_BODY = YES;
				CLANG_WARN_ENUM_CONVERSION = YES;
				CLANG_WARN_INFINITE_RECURSION = YES;
				CLANG_WARN_INT_CONVERSION = YES;
				CLANG_WARN_NON_LITERAL_NULL_CONVERSION = YES;
				CLANG_WARN_OBJC_IMPLICIT_RETAIN_SELF = YES;
				CLANG_WARN_OBJC_LITERAL_CONVERSION = YES;
				CLANG_WARN_OBJC_ROOT_CLASS = YES_ERROR;
				CLANG_WARN_QUOTED_INCLUDE_IN_FRAMEWORK_HEADER = YES;
				CLANG_WARN_RANGE_LOOP_ANALYSIS = YES;
				CLANG_WARN_STRICT_PROTOTYPES = YES;
				CLANG_WARN_SUSPICIOUS_MOVE = YES;
				CLANG_WARN_UNGUARDED_AVAILABILITY = YES_AGGRESSIVE;
				CLANG_WARN_UNREACHABLE_CODE = YES;
				CLANG_WARN__DUPLICATE_METHOD_MATCH = YES;
				COPY_PHASE_STRIP = NO;
				DEBUG_INFORMATION_FORMAT = "dwarf-with-dsym";
				ENABLE_NS_ASSERTIONS = NO;
				ENABLE_STRICT_OBJC_MSGSEND = YES;
				ENABLE_USER_SCRIPT_SANDBOXING = YES;
				GCC_C_LANGUAGE_STANDARD = gnu17;
				GCC_NO_COMMON_BLOCKS = YES;
				GCC_WARN_64_TO_32_BIT_CONVERSION = YES;
				GCC_WARN_ABOUT_RETURN_TYPE = YES_ERROR;
				GCC_WARN_UNDECLARED_SELECTOR = YES;
				GCC_WARN_UNINITIALIZED_AUTOS = YES_AGGRESSIVE;
				GCC_WARN_UNUSED_FUNCTION = YES;
				GCC_WARN_UNUSED_VARIABLE = YES;
				IPHONEOS_DEPLOYMENT_TARGET = 17.0;
				LOCALIZATION_PREFERS_STRING_CATALOGS = YES;
				MTL_FAST_MATH = YES;
				SDKROOT = iphoneos;
				STRING_CATALOG_GENERATE_SYMBOLS = YES;
				SWIFT_COMPILATION_MODE = wholemodule;
				VALIDATE_PRODUCT = YES;
			};
			name = Release;
		};
		F100002F /* Debug */ = {
			isa = XCBuildConfiguration;
			buildSettings = {
				ASSETCATALOG_COMPILER_APPICON_NAME = AppIcon;
				ASSETCATALOG_COMPILER_GLOBAL_ACCENT_COLOR_NAME = AccentColor;
				CODE_SIGN_ALLOW_ENTITLEMENTS_MODIFICATION = YES;
				CODE_SIGN_ENTITLEMENTS = PsychoGraph/PsychoGraph.entitlements;
				CODE_SIGN_STYLE = Automatic;
				CURRENT_PROJECT_VERSION = 1;
				DEVELOPMENT_ASSET_PATHS = "";
				DEVELOPMENT_TEAM = HWML965M99;
				ENABLE_PREVIEWS = YES;
				GENERATE_INFOPLIST_FILE = YES;
				INFOPLIST_FILE = PsychoGraph/Info.plist;
				INFOPLIST_KEY_CFBundleDisplayName = PsychoGraph;
				INFOPLIST_KEY_LSApplicationCategoryType = "public.app-category.healthcare-fitness";
				INFOPLIST_KEY_UIApplicationSceneManifest_Generation = YES;
				INFOPLIST_KEY_UIApplicationSupportsIndirectInputEvents = YES;
				INFOPLIST_KEY_UILaunchScreen_Generation = YES;
				INFOPLIST_KEY_UISupportedInterfaceOrientations_iPad = "UIInterfaceOrientationPortrait UIInterfaceOrientationPortraitUpsideDown UIInterfaceOrientationLandscapeLeft UIInterfaceOrientationLandscapeRight";
				INFOPLIST_KEY_UISupportedInterfaceOrientations_iPhone = "UIInterfaceOrientationPortrait UIInterfaceOrientationLandscapeLeft UIInterfaceOrientationLandscapeRight";
				LD_RUNPATH_SEARCH_PATHS = (
					"$(inherited)",
					"@executable_path/Frameworks",
				);
				MARKETING_VERSION = 1.0;
				PRODUCT_BUNDLE_IDENTIFIER = com.psychograph.PsychoGraph;
				PRODUCT_NAME = "$(TARGET_NAME)";
				SWIFT_EMIT_LOC_STRINGS = YES;
				SWIFT_VERSION = 5.0;
				TARGETED_DEVICE_FAMILY = "1,2";
			};
			name = Debug;
		};
		F1000031 /* Release */ = {
			isa = XCBuildConfiguration;
			buildSettings = {
				ASSETCATALOG_COMPILER_APPICON_NAME = AppIcon;
				ASSETCATALOG_COMPILER_GLOBAL_ACCENT_COLOR_NAME = AccentColor;
				CODE_SIGN_ALLOW_ENTITLEMENTS_MODIFICATION = YES;
				CODE_SIGN_ENTITLEMENTS = PsychoGraph/PsychoGraph.entitlements;
				CODE_SIGN_STYLE = Automatic;
				CURRENT_PROJECT_VERSION = 1;
				DEVELOPMENT_ASSET_PATHS = "";
				DEVELOPMENT_TEAM = HWML965M99;
				ENABLE_PREVIEWS = YES;
				GENERATE_INFOPLIST_FILE = YES;
				INFOPLIST_FILE = PsychoGraph/Info.plist;
				INFOPLIST_KEY_CFBundleDisplayName = PsychoGraph;
				INFOPLIST_KEY_LSApplicationCategoryType = "public.app-category.healthcare-fitness";
				INFOPLIST_KEY_UIApplicationSceneManifest_Generation = YES;
				INFOPLIST_KEY_UIApplicationSupportsIndirectInputEvents = YES;
				INFOPLIST_KEY_UILaunchScreen_Generation = YES;
				INFOPLIST_KEY_UISupportedInterfaceOrientations_iPad = "UIInterfaceOrientationPortrait UIInterfaceOrientationPortraitUpsideDown UIInterfaceOrientationLandscapeLeft UIInterfaceOrientationLandscapeRight";
				INFOPLIST_KEY_UISupportedInterfaceOrientations_iPhone = "UIInterfaceOrientationPortrait UIInterfaceOrientationLandscapeLeft UIInterfaceOrientationLandscapeRight";
				LD_RUNPATH_SEARCH_PATHS = (
					"$(inherited)",
					"@executable_path/Frameworks",
				);
				MARKETING_VERSION = 1.0;
				PRODUCT_BUNDLE_IDENTIFIER = com.psychograph.PsychoGraph;
				PRODUCT_NAME = "$(TARGET_NAME)";
				SWIFT_EMIT_LOC_STRINGS = YES;
				SWIFT_VERSION = 5.0;
				TARGETED_DEVICE_FAMILY = "1,2";
			};
			name = Release;
		};
/* End XCBuildConfiguration section */

/* Begin XCConfigurationList section */
		F100002C /* Build configuration list for PBXProject "PsychoGraph" */ = {
			isa = XCConfigurationList;
			buildConfigurations = (
				F100002D /* Debug */,
				F100002E /* Release */,
			);
			defaultConfigurationIsVisible = 0;
			defaultConfigurationName = Release;
		};
		F1000030 /* Build configuration list for PBXNativeTarget "PsychoGraph1" */ = {
			isa = XCConfigurationList;
			buildConfigurations = (
				F100002F /* Debug */,
				F1000031 /* Release */,
			);
			defaultConfigurationIsVisible = 0;
			defaultConfigurationName = Release;
		};
/* End XCConfigurationList section */
	};
	rootObject = F1000029 /* Project object */;
}
